
Microsoft Visual Studio Solution File, Format Version 12.00
# Visual Studio Version 16
VisualStudioVersion = 16.0.810.16
MinimumVisualStudioVersion = 10.0.40219.1
Project("{FAE04EC0-301F-11D3-BF4B-00C04F79EFBC}") = "ConsoleApp1", "ConsoleApp1\ConsoleApp1.csproj", "{07420834-4EB4-456D-B02D-8533F78BE9D6}"
EndProject
Global
	GlobalSection(SolutionConfigurationPlatforms) = preSolution
		Debug|Any CPU = Debug|Any CPU
		Release|Any CPU = Release|Any CPU
	EndGlobalSection
	GlobalSection(ProjectConfigurationPlatforms) = postSolution
		{07420834-4EB4-456D-B02D-8533F78BE9D6}.Debug|Any CPU.ActiveCfg = Debug|Any CPU
		{07420834-4EB4-456D-B02D-8533F78BE9D6}.Debug|Any CPU.Build.0 = Debug|Any CPU
		{07420834-4EB4-456D-B02D-8533F78BE9D6}.Release|Any CPU.ActiveCfg = Release|Any CPU
		{07420834-4EB4-456D-B02D-8533F78BE9D6}.Release|Any CPU.Build.0 = Release|Any CPU
	EndGlobalSection
	GlobalSection(SolutionProperties) = preSolution
		HideSolutionNode = FALSE
	EndGlobalSection
	GlobalSection(ExtensibilityGlobals) = postSolution
		SolutionGuid = {656A2A8B-091C-47C9-8A87-5C9650B96628}
	EndGlobalSection
EndGlobal
